{
  "name": "raspberrypi",
  "version": "1.0.0",
  "lockfileVersion": 1,
  "requires": true,
  "dependencies": {
    "cylon": {
      "version": "1.3.0",
      "resolved": "https://registry.npmjs.org/cylon/-/cylon-1.3.0.tgz",
      "integrity": "sha1-DatVs532BuwY+UBPNTQ3dMCFz8s="
    },
    "node-rawbot": {
      "version": "1.0.0",
      "resolved": "https://registry.npmjs.org/node-rawbot/-/node-rawbot-1.0.0.tgz",
      "integrity": "sha512-ed0vVPdkREaGr4NwcqeyD4x1+VaZPv5EPkFnZubHj434DQPAD1dEhT1FiYwMiXR/5w96CPWawba8SjyWJ/RqXw=="
    },
    "piinfo": {
      "version": "0.0.2",
      "resolved": "https://registry.npmjs.org/piinfo/-/piinfo-0.0.2.tgz",
      "integrity": "sha1-wItoISSQiQBz+nvLQv1jtSFsbY8="
    }
  }
}
